// !$*UTF8*$!
{
	archiveVersion = 1;
	classes = {
	};
	objectVersion = 56;
	objects = {

/* Begin PBXBuildFile section */
		04DB1A012AFDB85F0058DCD3 /* mtgApp.swift in Sources */ = {isa = PBXBuildFile; fileRef = 04DB1A002AFDB85F0058DCD3 /* mtgApp.swift */; };
		04DB1A032AFDB85F0058DCD3 /* ContentView.swift in Sources */ = {isa = PBXBuildFile; fileRef = 04DB1A022AFDB85F0058DCD3 /* ContentView.swift */; };
		04DB1A052AFDB8600058DCD3 /* Assets.xcassets in Resources */ = {isa = PBXBuildFile; fileRef = 04DB1A042AFDB8600058DCD3 /* Assets.xcassets */; };
		04DB1A082AFDB8600058DCD3 /* Preview Assets.xcassets in Resources */ = {isa = PBXBuildFile; fileRef = 04DB1A072AFDB8600058DCD3 /* Preview Assets.xcassets */; };
		04DB1A122AFDB8610058DCD3 /* mtgTests.swift in Sources */ = {isa = PBXBuildFile; fileRef = 04DB1A112AFDB8610058DCD3 /* mtgTests.swift */; };
		04DB1A1C2AFDB8610058DCD3 /* mtgUITests.swift in Sources */ = {isa = PBXBuildFile; fileRef = 04DB1A1B2AFDB8610058DCD3 /* mtgUITests.swift */; };
		04DB1A1E2AFDB8610058DCD3 /* mtgUITestsLaunchTests.swift in Sources */ = {isa = PBXBuildFile; fileRef = 04DB1A1D2AFDB8610058DCD3 /* mtgUITestsLaunchTests.swift */; };
		04DB1A2C2AFDB8FA0058DCD3 /* WOT-Scryfall.json in Resources */ = {isa = PBXBuildFile; fileRef = 04DB1A2B2AFDB8FA0058DCD3 /* WOT-Scryfall.json */; };
		04DEA9AA2AFDC39C00DA6E07 /* MTGCard.swift in Sources */ = {isa = PBXBuildFile; fileRef = 04DEA9A92AFDC39C00DA6E07 /* MTGCard.swift */; };
/* End PBXBuildFile section */

/* Begin PBXContainerItemProxy section */
		04DB1A0E2AFDB8610058DCD3 /* PBXContainerItemProxy */ = {
			isa = PBXContainerItemProxy;
			containerPortal = 04DB19F52AFDB85F0058DCD3 /* Project object */;
			proxyType = 1;
			remoteGlobalIDString = 04DB19FC2AFDB85F0058DCD3;
			remoteInfo = mtg;
		};
		04DB1A182AFDB8610058DCD3 /* PBXContainerItemProxy */ = {
			isa = PBXContainerItemProxy;
			containerPortal = 04DB19F52AFDB85F0058DCD3 /* Project object */;
			proxyType = 1;
			remoteGlobalIDString = 04DB19FC2AFDB85F0058DCD3;
			remoteInfo = mtg;
		};
/* End PBXContainerItemProxy section */

/* Begin PBXFileReference section */
		04DB19FD2AFDB85F0058DCD3 /* mtg.app */ = {isa = PBXFileReference; explicitFileType = wrapper.application; includeInIndex = 0; path = mtg.app; sourceTree = BUILT_PRODUCTS_DIR; };
		04DB1A002AFDB85F0058DCD3 /* mtgApp.swift */ = {isa = PBXFileReference; lastKnownFileType = sourcecode.swift; path = mtgApp.swift; sourceTree = "<group>"; };
		04DB1A022AFDB85F0058DCD3 /* ContentView.swift */ = {isa = PBXFileReference; lastKnownFileType = sourcecode.swift; path = ContentView.swift; sourceTree = "<group>"; };
		04DB1A042AFDB8600058DCD3 /* Assets.xcassets */ = {isa = PBXFileReference; lastKnownFileType = folder.assetcatalog; path = Assets.xcassets; sourceTree = "<group>"; };
		04DB1A072AFDB8600058DCD3 /* Preview Assets.xcassets */ = {isa = PBXFileReference; lastKnownFileType = folder.assetcatalog; path = "Preview Assets.xcassets"; sourceTree = "<group>"; };
		04DB1A0D2AFDB8610058DCD3 /* mtgTests.xctest */ = {isa = PBXFileReference; explicitFileType = wrapper.cfbundle; includeInIndex = 0; path = mtgTests.xctest; sourceTree = BUILT_PRODUCTS_DIR; };
		04DB1A112AFDB8610058DCD3 /* mtgTests.swift */ = {isa = PBXFileReference; lastKnownFileType = sourcecode.swift; path = mtgTests.swift; sourceTree = "<group>"; };
		04DB1A172AFDB8610058DCD3 /* mtgUITests.xctest */ = {isa = PBXFileReference; explicitFileType = wrapper.cfbundle; includeInIndex = 0; path = mtgUITests.xctest; sourceTree = BUILT_PRODUCTS_DIR; };
		04DB1A1B2AFDB8610058DCD3 /* mtgUITests.swift */ = {isa = PBXFileReference; lastKnownFileType = sourcecode.swift; path = mtgUITests.swift; sourceTree = "<group>"; };
		04DB1A1D2AFDB8610058DCD3 /* mtgUITestsLaunchTests.swift */ = {isa = PBXFileReference; lastKnownFileType = sourcecode.swift; path = mtgUITestsLaunchTests.swift; sourceTree = "<group>"; };
		04DB1A2B2AFDB8FA0058DCD3 /* WOT-Scryfall.json */ = {isa = PBXFileReference; fileEncoding = 4; lastKnownFileType = text.json; name = "WOT-Scryfall.json"; path = "../../../Downloads/WOT-Scryfall.json"; sourceTree = "<group>"; };
		04DEA9A92AFDC39C00DA6E07 /* MTGCard.swift */ = {isa = PBXFileReference; lastKnownFileType = sourcecode.swift; path = MTGCard.swift; sourceTree = "<group>"; };
/* End PBXFileReference section */

/* Begin PBXFrameworksBuildPhase section */
		04DB19FA2AFDB85F0058DCD3 /* Frameworks */ = {
			isa = PBXFrameworksBuildPhase;
			buildActionMask = 2147483647;
			files = (
			);
			runOnlyForDeploymentPostprocessing = 0;
		};
		04DB1A0A2AFDB8610058DCD3 /* Frameworks */ = {
			isa = PBXFrameworksBuildPhase;
			buildActionMask = 2147483647;
			files = (
			);
			runOnlyForDeploymentPostprocessing = 0;
		};
		04DB1A142AFDB8610058DCD3 /* Frameworks */ = {
			isa = PBXFrameworksBuildPhase;
			buildActionMask = 2147483647;
			files = (
			);
			runOnlyForDeploymentPostprocessing = 0;
		};
/* End PBXFrameworksBuildPhase section */

/* Begin PBXGroup section */
		04DB19F42AFDB85F0058DCD3 = {
			isa = PBXGroup;
			children = (
				04DB1A2A2AFDB8CC0058DCD3 /* Recources */,
				04DB19FF2AFDB85F0058DCD3 /* mtg */,
				04DB1A102AFDB8610058DCD3 /* mtgTests */,
				04DB1A1A2AFDB8610058DCD3 /* mtgUITests */,
				04DB19FE2AFDB85F0058DCD3 /* Products */,
			);
			sourceTree = "<group>";
		};
		04DB19FE2AFDB85F0058DCD3 /* Products */ = {
			isa = PBXGroup;
			children = (
				04DB19FD2AFDB85F0058DCD3 /* mtg.app */,
				04DB1A0D2AFDB8610058DCD3 /* mtgTests.xctest */,
				04DB1A172AFDB8610058DCD3 /* mtgUITests.xctest */,
			);
			name = Products;
			sourceTree = "<group>";
		};
		04DB19FF2AFDB85F0058DCD3 /* mtg */ = {
			isa = PBXGroup;
			children = (
				04DB1A002AFDB85F0058DCD3 /* mtgApp.swift */,
				04DB1A022AFDB85F0058DCD3 /* ContentView.swift */,
				04DB1A042AFDB8600058DCD3 /* Assets.xcassets */,
				04DB1A062AFDB8600058DCD3 /* Preview Content */,
				04DEA9A92AFDC39C00DA6E07 /* MTGCard.swift */,
			);
			path = mtg;
			sourceTree = "<group>";
		};
		04DB1A062AFDB8600058DCD3 /* Preview Content */ = {
			isa = PBXGroup;
			children = (
				04DB1A072AFDB8600058DCD3 /* Preview Assets.xcassets */,
			);
			path = "Preview Content";
			sourceTree = "<group>";
		};
		04DB1A102AFDB8610058DCD3 /* mtgTests */ = {
			isa = PBXGroup;
			children = (
				04DB1A112AFDB8610058DCD3 /* mtgTests.swift */,
			);
			path = mtgTests;
			sourceTree = "<group>";
		};
		04DB1A1A2AFDB8610058DCD3 /* mtgUITests */ = {
			isa = PBXGroup;
			children = (
				04DB1A1B2AFDB8610058DCD3 /* mtgUITests.swift */,
				04DB1A1D2AFDB8610058DCD3 /* mtgUITestsLaunchTests.swift */,
			);
			path = mtgUITests;
			sourceTree = "<group>";
		};
		04DB1A2A2AFDB8CC0058DCD3 /* Recources */ = {
			isa = PBXGroup;
			children = (
				04DB1A2B2AFDB8FA0058DCD3 /* WOT-Scryfall.json */,
			);
			path = Recources;
			sourceTree = "<group>";
		};
/* End PBXGroup section */

/* Begin PBXNativeTarget section */
		04DB19FC2AFDB85F0058DCD3 /* mtg */ = {
			isa = PBXNativeTarget;
			buildConfigurationList = 04DB1A212AFDB8610058DCD3 /* Build configuration list for PBXNativeTarget "mtg" */;
			buildPhases = (
				04DB19F92AFDB85F0058DCD3 /* Sources */,
				04DB19FA2AFDB85F0058DCD3 /* Frameworks */,
				04DB19FB2AFDB85F0058DCD3 /* Resources */,
			);
			buildRules = (
			);
			dependencies = (
			);
			name = mtg;
			productName = mtg;
			productReference = 04DB19FD2AFDB85F0058DCD3 /* mtg.app */;
			productType = "com.apple.product-type.application";
		};
		04DB1A0C2AFDB8610058DCD3 /* mtgTests */ = {
			isa = PBXNativeTarget;
			buildConfigurationList = 04DB1A242AFDB8610058DCD3 /* Build configuration list for PBXNativeTarget "mtgTests" */;
			buildPhases = (
				04DB1A092AFDB8610058DCD3 /* Sources */,
				04DB1A0A2AFDB8610058DCD3 /* Frameworks */,
				04DB1A0B2AFDB8610058DCD3 /* Resources */,
			);
			buildRules = (
			);
			dependencies = (
				04DB1A0F2AFDB8610058DCD3 /* PBXTargetDependency */,
			);
			name = mtgTests;
			productName = mtgTests;
			productReference = 04DB1A0D2AFDB8610058DCD3 /* mtgTests.xctest */;
			productType = "com.apple.product-type.bundle.unit-test";
		};
		04DB1A162AFDB8610058DCD3 /* mtgUITests */ = {
			isa = PBXNativeTarget;
			buildConfigurationList = 04DB1A272AFDB8610058DCD3 /* Build configuration list for PBXNativeTarget "mtgUITests" */;
			buildPhases = (
				04DB1A132AFDB8610058DCD3 /* Sources */,
				04DB1A142AFDB8610058DCD3 /* Frameworks */,
				04DB1A152AFDB8610058DCD3 /* Resources */,
			);
			buildRules = (
			);
			dependencies = (
				04DB1A192AFDB8610058DCD3 /* PBXTargetDependency */,
			);
			name = mtgUITests;
			productName = mtgUITests;
			productReference = 04DB1A172AFDB8610058DCD3 /* mtgUITests.xctest */;
			productType = "com.apple.product-type.bundle.ui-testing";
		};
/* End PBXNativeTarget section */

/* Begin PBXProject section */
		04DB19F52AFDB85F0058DCD3 /* Project object */ = {
			isa = PBXProject;
			attributes = {
				BuildIndependentTargetsInParallel = 1;
				LastSwiftUpdateCheck = 1500;
				LastUpgradeCheck = 1500;
				TargetAttributes = {
					04DB19FC2AFDB85F0058DCD3 = {
						CreatedOnToolsVersion = 15.0;
					};
					04DB1A0C2AFDB8610058DCD3 = {
						CreatedOnToolsVersion = 15.0;
						TestTargetID = 04DB19FC2AFDB85F0058DCD3;
					};
					04DB1A162AFDB8610058DCD3 = {
						CreatedOnToolsVersion = 15.0;
						TestTargetID = 04DB19FC2AFDB85F0058DCD3;
					};
				};
			};
			buildConfigurationList = 04DB19F82AFDB85F0058DCD3 /* Build configuration list for PBXProject "mtg" */;
			compatibilityVersion = "Xcode 14.0";
			developmentRegion = en;
			hasScannedForEncodings = 0;
			knownRegions = (
				en,
				Base,
			);
			mainGroup = 04DB19F42AFDB85F0058DCD3;
			productRefGroup = 04DB19FE2AFDB85F0058DCD3 /* Products */;
			projectDirPath = "";
			projectRoot = "";
			targets = (
				04DB19FC2AFDB85F0058DCD3 /* mtg */,
				04DB1A0C2AFDB8610058DCD3 /* mtgTests */,
				04DB1A162AFDB8610058DCD3 /* mtgUITests */,
			);
		};
/* End PBXProject section */

/* Begin PBXResourcesBuildPhase section */
		04DB19FB2AFDB85F0058DCD3 /* Resources */ = {
			isa = PBXResourcesBuildPhase;
			buildActionMask = 2147483647;
			files = (
				04DB1A082AFDB8600058DCD3 /* Preview Assets.xcassets in Resources */,
				04DB1A052AFDB8600058DCD3 /* Assets.xcassets in Resources */,
				04DB1A2C2AFDB8FA0058DCD3 /* WOT-Scryfall.json in Resources */,
			);
			runOnlyForDeploymentPostprocessing = 0;
		};
		04DB1A0B2AFDB8610058DCD3 /* Resources */ = {
			isa = PBXResourcesBuildPhase;
			buildActionMask = 2147483647;
			files = (
			);
			runOnlyForDeploymentPostprocessing = 0;
		};
		04DB1A152AFDB8610058DCD3 /* Resources */ = {
			isa = PBXResourcesBuildPhase;
			buildActionMask = 2147483647;
			files = (
			);
			runOnlyForDeploymentPostprocessing = 0;
		};
/* End PBXResourcesBuildPhase section */

/* Begin PBXSourcesBuildPhase section */
		04DB19F92AFDB85F0058DCD3 /* Sources */ = {
			isa = PBXSourcesBuildPhase;
			buildActionMask = 2147483647;
			files = (
				04DB1A032AFDB85F0058DCD3 /* ContentView.swift in Sources */,
				04DEA9AA2AFDC39C00DA6E07 /* MTGCard.swift in Sources */,
				04DB1A012AFDB85F0058DCD3 /* mtgApp.swift in Sources */,
			);
			runOnlyForDeploymentPostprocessing = 0;
		};
		04DB1A092AFDB8610058DCD3 /* Sources */ = {
			isa = PBXSourcesBuildPhase;
			buildActionMask = 2147483647;
			files = (
				04DB1A122AFDB8610058DCD3 /* mtgTests.swift in Sources */,
			);
			runOnlyForDeploymentPostprocessing = 0;
		};
		04DB1A132AFDB8610058DCD3 /* Sources */ = {
			isa = PBXSourcesBuildPhase;
			buildActionMask = 2147483647;
			files = (
				04DB1A1C2AFDB8610058DCD3 /* mtgUITests.swift in Sources */,
				04DB1A1E2AFDB8610058DCD3 /* mtgUITestsLaunchTests.swift in Sources */,
			);
			runOnlyForDeploymentPostprocessing = 0;
		};
/* End PBXSourcesBuildPhase section */

/* Begin PBXTargetDependency section */
		04DB1A0F2AFDB8610058DCD3 /* PBXTargetDependency */ = {
			isa = PBXTargetDependency;
			target = 04DB19FC2AFDB85F0058DCD3 /* mtg */;
			targetProxy = 04DB1A0E2AFDB8610058DCD3 /* PBXContainerItemProxy */;
		};
		04DB1A192AFDB8610058DCD3 /* PBXTargetDependency */ = {
			isa = PBXTargetDependency;
			target = 04DB19FC2AFDB85F0058DCD3 /* mtg */;
			targetProxy = 04DB1A182AFDB8610058DCD3 /* PBXContainerItemProxy */;
		};
/* End PBXTargetDependency section */

/* Begin XCBuildConfiguration section */
		04DB1A1F2AFDB8610058DCD3 /* Debug */ = {
			isa = XCBuildConfiguration;
			buildSettings = {
				ALWAYS_SEARCH_USER_PATHS = NO;
				ASSETCATALOG_COMPILER_GENERATE_SWIFT_ASSET_SYMBOL_EXTENSIONS = YES;
				CLANG_ANALYZER_NONNULL = YES;
				CLANG_ANALYZER_NUMBER_OBJECT_CONVERSION = YES_AGGRESSIVE;
				CLANG_CXX_LANGUAGE_STANDARD = "gnu++20";
				CLANG_ENABLE_MODULES = YES;
				CLANG_ENABLE_OBJC_ARC = YES;
				CLANG_ENABLE_OBJC_WEAK = YES;
				CLANG_WARN_BLOCK_CAPTURE_AUTORELEASING = YES;
				CLANG_WARN_BOOL_CONVERSION = YES;
				CLANG_WARN_COMMA = YES;
				CLANG_WARN_CONSTANT_CONVERSION = YES;
				CLANG_WARN_DEPRECATED_OBJC_IMPLEMENTATIONS = YES;
				CLANG_WARN_DIRECT_OBJC_ISA_USAGE = YES_ERROR;
				CLANG_WARN_DOCUMENTATION_COMMENTS = YES;
				CLANG_WARN_EMPTY_BODY = YES;
				CLANG_WARN_ENUM_CONVERSION = YES;
				CLANG_WARN_INFINITE_RECURSION = YES;
				CLANG_WARN_INT_CONVERSION = YES;
				CLANG_WARN_NON_LITERAL_NULL_CONVERSION = YES;
				CLANG_WARN_OBJC_IMPLICIT_RETAIN_SELF = YES;
				CLANG_WARN_OBJC_LITERAL_CONVERSION = YES;
				CLANG_WARN_OBJC_ROOT_CLASS = YES_ERROR;
				CLANG_WARN_QUOTED_INCLUDE_IN_FRAMEWORK_HEADER = YES;
				CLANG_WARN_RANGE_LOOP_ANALYSIS = YES;
				CLANG_WARN_STRICT_PROTOTYPES = YES;
				CLANG_WARN_SUSPICIOUS_MOVE = YES;
				CLANG_WARN_UNGUARDED_AVAILABILITY = YES_AGGRESSIVE;
				CLANG_WARN_UNREACHABLE_CODE = YES;
				CLANG_WARN__DUPLICATE_METHOD_MATCH = YES;
				COPY_PHASE_STRIP = NO;
				DEBUG_INFORMATION_FORMAT = dwarf;
				ENABLE_STRICT_OBJC_MSGSEND = YES;
				ENABLE_TESTABILITY = YES;
				ENABLE_USER_SCRIPT_SANDBOXING = YES;
				GCC_C_LANGUAGE_STANDARD = gnu17;
				GCC_DYNAMIC_NO_PIC = NO;
				GCC_NO_COMMON_BLOCKS = YES;
				GCC_OPTIMIZATION_LEVEL = 0;
				GCC_PREPROCESSOR_DEFINITIONS = (
					"DEBUG=1",
					"$(inherited)",
				);
				GCC_WARN_64_TO_32_BIT_CONVERSION = YES;
				GCC_WARN_ABOUT_RETURN_TYPE = YES_ERROR;
				GCC_WARN_UNDECLARED_SELECTOR = YES;
				GCC_WARN_UNINITIALIZED_AUTOS = YES_AGGRESSIVE;
				GCC_WARN_UNUSED_FUNCTION = YES;
				GCC_WARN_UNUSED_VARIABLE = YES;
				IPHONEOS_DEPLOYMENT_TARGET = 17.0;
				LOCALIZATION_PREFERS_STRING_CATALOGS = YES;
				MTL_ENABLE_DEBUG_INFO = INCLUDE_SOURCE;
				MTL_FAST_MATH = YES;
				ONLY_ACTIVE_ARCH = YES;
				SDKROOT = iphoneos;
				SWIFT_ACTIVE_COMPILATION_CONDITIONS = "DEBUG $(inherited)";
				SWIFT_OPTIMIZATION_LEVEL = "-Onone";
			};
			name = Debug;
		};
		04DB1A202AFDB8610058DCD3 /* Release */ = {
			isa = XCBuildConfiguration;
			buildSettings = {
				ALWAYS_SEARCH_USER_PATHS = NO;
				ASSETCATALOG_COMPILER_GENERATE_SWIFT_ASSET_SYMBOL_EXTENSIONS = YES;
				CLANG_ANALYZER_NONNULL = YES;
				CLANG_ANALYZER_NUMBER_OBJECT_CONVERSION = YES_AGGRESSIVE;
				CLANG_CXX_LANGUAGE_STANDARD = "gnu++20";
				CLANG_ENABLE_MODULES = YES;
				CLANG_ENABLE_OBJC_ARC = YES;
				CLANG_ENABLE_OBJC_WEAK = YES;
				CLANG_WARN_BLOCK_CAPTURE_AUTORELEASING = YES;
				CLANG_WARN_BOOL_CONVERSION = YES;
				CLANG_WARN_COMMA = YES;
				CLANG_WARN_CONSTANT_CONVERSION = YES;
				CLANG_WARN_DEPRECATED_OBJC_IMPLEMENTATIONS = YES;
				CLANG_WARN_DIRECT_OBJC_ISA_USAGE = YES_ERROR;
				CLANG_WARN_DOCUMENTATION_COMMENTS = YES;
				CLANG_WARN_EMPTY_BODY = YES;
				CLANG_WARN_ENUM_CONVERSION = YES;
				CLANG_WARN_INFINITE_RECURSION = YES;
				CLANG_WARN_INT_CONVERSION = YES;
				CLANG_WARN_NON_LITERAL_NULL_CONVERSION = YES;
				CLANG_WARN_OBJC_IMPLICIT_RETAIN_SELF = YES;
				CLANG_WARN_OBJC_LITERAL_CONVERSION = YES;
				CLANG_WARN_OBJC_ROOT_CLASS = YES_ERROR;
				CLANG_WARN_QUOTED_INCLUDE_IN_FRAMEWORK_HEADER = YES;
				CLANG_WARN_RANGE_LOOP_ANALYSIS = YES;
				CLANG_WARN_STRICT_PROTOTYPES = YES;
				CLANG_WARN_SUSPICIOUS_MOVE = YES;
				CLANG_WARN_UNGUARDED_AVAILABILITY = YES_AGGRESSIVE;
				CLANG_WARN_UNREACHABLE_CODE = YES;
				CLANG_WARN__DUPLICATE_METHOD_MATCH = YES;
				COPY_PHASE_STRIP = NO;
				DEBUG_INFORMATION_FORMAT = "dwarf-with-dsym";
				ENABLE_NS_ASSERTIONS = NO;
				ENABLE_STRICT_OBJC_MSGSEND = YES;
				ENABLE_USER_SCRIPT_SANDBOXING = YES;
				GCC_C_LANGUAGE_STANDARD = gnu17;
				GCC_NO_COMMON_BLOCKS = YES;
				GCC_WARN_64_TO_32_BIT_CONVERSION = YES;
				GCC_WARN_ABOUT_RETURN_TYPE = YES_ERROR;
				GCC_WARN_UNDECLARED_SELECTOR = YES;
				GCC_WARN_UNINITIALIZED_AUTOS = YES_AGGRESSIVE;
				GCC_WARN_UNUSED_FUNCTION = YES;
				GCC_WARN_UNUSED_VARIABLE = YES;
				IPHONEOS_DEPLOYMENT_TARGET = 17.0;
				LOCALIZATION_PREFERS_STRING_CATALOGS = YES;
				MTL_ENABLE_DEBUG_INFO = NO;
				MTL_FAST_MATH = YES;
				SDKROOT = iphoneos;
				SWIFT_COMPILATION_MODE = wholemodule;
				VALIDATE_PRODUCT = YES;
			};
			name = Release;
		};
		04DB1A222AFDB8610058DCD3 /* Debug */ = {
			isa = XCBuildConfiguration;
			buildSettings = {
				ASSETCATALOG_COMPILER_APPICON_NAME = AppIcon;
				ASSETCATALOG_COMPILER_GLOBAL_ACCENT_COLOR_NAME = AccentColor;
				CODE_SIGN_STYLE = Automatic;
				CURRENT_PROJECT_VERSION = 1;
				DEVELOPMENT_ASSET_PATHS = "\"mtg/Preview Content\"";
				ENABLE_PREVIEWS = YES;
				GENERATE_INFOPLIST_FILE = YES;
				INFOPLIST_KEY_UIApplicationSceneManifest_Generation = YES;
				INFOPLIST_KEY_UIApplicationSupportsIndirectInputEvents = YES;
				INFOPLIST_KEY_UILaunchScreen_Generation = YES;
				INFOPLIST_KEY_UISupportedInterfaceOrientations_iPad = "UIInterfaceOrientationPortrait UIInterfaceOrientationPortraitUpsideDown UIInterfaceOrientationLandscapeLeft UIInterfaceOrientationLandscapeRight";
				INFOPLIST_KEY_UISupportedInterfaceOrientations_iPhone = "UIInterfaceOrientationPortrait UIInterfaceOrientationLandscapeLeft UIInterfaceOrientationLandscapeRight";
				LD_RUNPATH_SEARCH_PATHS = (
					"$(inherited)",
					"@executable_path/Frameworks",
				);
				MARKETING_VERSION = 1.0;
				PRODUCT_BUNDLE_IDENTIFIER = venan.mtg;
				PRODUCT_NAME = "$(TARGET_NAME)";
				SWIFT_EMIT_LOC_STRINGS = YES;
				SWIFT_VERSION = 5.0;
				TARGETED_DEVICE_FAMILY = "1,2";
			};
			name = Debug;
		};
		04DB1A232AFDB8610058DCD3 /* Release */ = {
			isa = XCBuildConfiguration;
			buildSettings = {
				ASSETCATALOG_COMPILER_APPICON_NAME = AppIcon;
				ASSETCATALOG_COMPILER_GLOBAL_ACCENT_COLOR_NAME = AccentColor;
				CODE_SIGN_STYLE = Automatic;
				CURRENT_PROJECT_VERSION = 1;
				DEVELOPMENT_ASSET_PATHS = "\"mtg/Preview Content\"";
				ENABLE_PREVIEWS = YES;
				GENERATE_INFOPLIST_FILE = YES;
				INFOPLIST_KEY_UIApplicationSceneManifest_Generation = YES;
				INFOPLIST_KEY_UIApplicationSupportsIndirectInputEvents = YES;
				INFOPLIST_KEY_UILaunchScreen_Generation = YES;
				INFOPLIST_KEY_UISupportedInterfaceOrientations_iPad = "UIInterfaceOrientationPortrait UIInterfaceOrientationPortraitUpsideDown UIInterfaceOrientationLandscapeLeft UIInterfaceOrientationLandscapeRight";
				INFOPLIST_KEY_UISupportedInterfaceOrientations_iPhone = "UIInterfaceOrientationPortrait UIInterfaceOrientationLandscapeLeft UIInterfaceOrientationLandscapeRight";
				LD_RUNPATH_SEARCH_PATHS = (
					"$(inherited)",
					"@executable_path/Frameworks",
				);
				MARKETING_VERSION = 1.0;
				PRODUCT_BUNDLE_IDENTIFIER = venan.mtg;
				PRODUCT_NAME = "$(TARGET_NAME)";
				SWIFT_EMIT_LOC_STRINGS = YES;
				SWIFT_VERSION = 5.0;
				TARGETED_DEVICE_FAMILY = "1,2";
			};
			name = Release;
		};
		04DB1A252AFDB8610058DCD3 /* Debug */ = {
			isa = XCBuildConfiguration;
			buildSettings = {
				ALWAYS_EMBED_SWIFT_STANDARD_LIBRARIES = YES;
				BUNDLE_LOADER = "$(TEST_HOST)";
				CODE_SIGN_STYLE = Automatic;
				CURRENT_PROJECT_VERSION = 1;
				GENERATE_INFOPLIST_FILE = YES;
				IPHONEOS_DEPLOYMENT_TARGET = 17.0;
				MARKETING_VERSION = 1.0;
				PRODUCT_BUNDLE_IDENTIFIER = venan.mtgTests;
				PRODUCT_NAME = "$(TARGET_NAME)";
				SWIFT_EMIT_LOC_STRINGS = NO;
				SWIFT_VERSION = 5.0;
				TARGETED_DEVICE_FAMILY = "1,2";
				TEST_HOST = "$(BUILT_PRODUCTS_DIR)/mtg.app/$(BUNDLE_EXECUTABLE_FOLDER_PATH)/mtg";
			};
			name = Debug;
		};
		04DB1A262AFDB8610058DCD3 /* Release */ = {
			isa = XCBuildConfiguration;
			buildSettings = {
				ALWAYS_EMBED_SWIFT_STANDARD_LIBRARIES = YES;
				BUNDLE_LOADER = "$(TEST_HOST)";
				CODE_SIGN_STYLE = Automatic;
				CURRENT_PROJECT_VERSION = 1;
				GENERATE_INFOPLIST_FILE = YES;
				IPHONEOS_DEPLOYMENT_TARGET = 17.0;
				MARKETING_VERSION = 1.0;
				PRODUCT_BUNDLE_IDENTIFIER = venan.mtgTests;
				PRODUCT_NAME = "$(TARGET_NAME)";
				SWIFT_EMIT_LOC_STRINGS = NO;
				SWIFT_VERSION = 5.0;
				TARGETED_DEVICE_FAMILY = "1,2";
				TEST_HOST = "$(BUILT_PRODUCTS_DIR)/mtg.app/$(BUNDLE_EXECUTABLE_FOLDER_PATH)/mtg";
			};
			name = Release;
		};
		04DB1A282AFDB8610058DCD3 /* Debug */ = {
			isa = XCBuildConfiguration;
			buildSettings = {
				ALWAYS_EMBED_SWIFT_STANDARD_LIBRARIES = YES;
				CODE_SIGN_STYLE = Automatic;
				CURRENT_PROJECT_VERSION = 1;
				GENERATE_INFOPLIST_FILE = YES;
				MARKETING_VERSION = 1.0;
				PRODUCT_BUNDLE_IDENTIFIER = venan.mtgUITests;
				PRODUCT_NAME = "$(TARGET_NAME)";
				SWIFT_EMIT_LOC_STRINGS = NO;
				SWIFT_VERSION = 5.0;
				TARGETED_DEVICE_FAMILY = "1,2";
				TEST_TARGET_NAME = mtg;
			};
			name = Debug;
		};
		04DB1A292AFDB8610058DCD3 /* Release */ = {
			isa = XCBuildConfiguration;
			buildSettings = {
				ALWAYS_EMBED_SWIFT_STANDARD_LIBRARIES = YES;
				CODE_SIGN_STYLE = Automatic;
				CURRENT_PROJECT_VERSION = 1;
				GENERATE_INFOPLIST_FILE = YES;
				MARKETING_VERSION = 1.0;
				PRODUCT_BUNDLE_IDENTIFIER = venan.mtgUITests;
				PRODUCT_NAME = "$(TARGET_NAME)";
				SWIFT_EMIT_LOC_STRINGS = NO;
				SWIFT_VERSION = 5.0;
				TARGETED_DEVICE_FAMILY = "1,2";
				TEST_TARGET_NAME = mtg;
			};
			name = Release;
		};
/* End XCBuildConfiguration section */

/* Begin XCConfigurationList section */
		04DB19F82AFDB85F0058DCD3 /* Build configuration list for PBXProject "mtg" */ = {
			isa = XCConfigurationList;
			buildConfigurations = (
				04DB1A1F2AFDB8610058DCD3 /* Debug */,
				04DB1A202AFDB8610058DCD3 /* Release */,
			);
			defaultConfigurationIsVisible = 0;
			defaultConfigurationName = Release;
		};
		04DB1A212AFDB8610058DCD3 /* Build configuration list for PBXNativeTarget "mtg" */ = {
			isa = XCConfigurationList;
			buildConfigurations = (
				04DB1A222AFDB8610058DCD3 /* Debug */,
				04DB1A232AFDB8610058DCD3 /* Release */,
			);
			defaultConfigurationIsVisible = 0;
			defaultConfigurationName = Release;
		};
		04DB1A242AFDB8610058DCD3 /* Build configuration list for PBXNativeTarget "mtgTests" */ = {
			isa = XCConfigurationList;
			buildConfigurations = (
				04DB1A252AFDB8610058DCD3 /* Debug */,
				04DB1A262AFDB8610058DCD3 /* Release */,
			);
			defaultConfigurationIsVisible = 0;
			defaultConfigurationName = Release;
		};
		04DB1A272AFDB8610058DCD3 /* Build configuration list for PBXNativeTarget "mtgUITests" */ = {
			isa = XCConfigurationList;
			buildConfigurations = (
				04DB1A282AFDB8610058DCD3 /* Debug */,
				04DB1A292AFDB8610058DCD3 /* Release */,
			);
			defaultConfigurationIsVisible = 0;
			defaultConfigurationName = Release;
		};
/* End XCConfigurationList section */
	};
	rootObject = 04DB19F52AFDB85F0058DCD3 /* Project object */;
}
