// !$*UTF8*$!
{
	archiveVersion = 1;
	classes = {
	};
	objectVersion = 56;
	objects = {

/* Begin PBXBuildFile section */
		0489E3B02ACDBA7B00F53546 /* AppDelegate.swift in Sources */ = {isa = PBXBuildFile; fileRef = 0489E3AF2ACDBA7B00F53546 /* AppDelegate.swift */; };
		0489E3B22ACDBA7B00F53546 /* SceneDelegate.swift in Sources */ = {isa = PBXBuildFile; fileRef = 0489E3B12ACDBA7B00F53546 /* SceneDelegate.swift */; };
		0489E3B42ACDBA7B00F53546 /* ViewController.swift in Sources */ = {isa = PBXBuildFile; fileRef = 0489E3B32ACDBA7B00F53546 /* ViewController.swift */; };
		0489E3B72ACDBA7B00F53546 /* Main.storyboard in Resources */ = {isa = PBXBuildFile; fileRef = 0489E3B52ACDBA7B00F53546 /* Main.storyboard */; };
		0489E3B92ACDBA7C00F53546 /* Assets.xcassets in Resources */ = {isa = PBXBuildFile; fileRef = 0489E3B82ACDBA7C00F53546 /* Assets.xcassets */; };
		0489E3BC2ACDBA7C00F53546 /* LaunchScreen.storyboard in Resources */ = {isa = PBXBuildFile; fileRef = 0489E3BA2ACDBA7C00F53546 /* LaunchScreen.storyboard */; };
		0489E3C72ACDBA7D00F53546 /* CalculatorTests.swift in Sources */ = {isa = PBXBuildFile; fileRef = 0489E3C62ACDBA7D00F53546 /* CalculatorTests.swift */; };
		0489E3D12ACDBA7D00F53546 /* CalculatorUITests.swift in Sources */ = {isa = PBXBuildFile; fileRef = 0489E3D02ACDBA7D00F53546 /* CalculatorUITests.swift */; };
		0489E3D32ACDBA7D00F53546 /* CalculatorUITestsLaunchTests.swift in Sources */ = {isa = PBXBuildFile; fileRef = 0489E3D22ACDBA7D00F53546 /* CalculatorUITestsLaunchTests.swift */; };
/* End PBXBuildFile section */

/* Begin PBXContainerItemProxy section */
		0489E3C32ACDBA7D00F53546 /* PBXContainerItemProxy */ = {
			isa = PBXContainerItemProxy;
			containerPortal = 0489E3A42ACDBA7B00F53546 /* Project object */;
			proxyType = 1;
			remoteGlobalIDString = 0489E3AB2ACDBA7B00F53546;
			remoteInfo = Calculator;
		};
		0489E3CD2ACDBA7D00F53546 /* PBXContainerItemProxy */ = {
			isa = PBXContainerItemProxy;
			containerPortal = 0489E3A42ACDBA7B00F53546 /* Project object */;
			proxyType = 1;
			remoteGlobalIDString = 0489E3AB2ACDBA7B00F53546;
			remoteInfo = Calculator;
		};
/* End PBXContainerItemProxy section */

/* Begin PBXFileReference section */
		0489E3AC2ACDBA7B00F53546 /* Calculator.app */ = {isa = PBXFileReference; explicitFileType = wrapper.application; includeInIndex = 0; path = Calculator.app; sourceTree = BUILT_PRODUCTS_DIR; };
		0489E3AF2ACDBA7B00F53546 /* AppDelegate.swift */ = {isa = PBXFileReference; lastKnownFileType = sourcecode.swift; path = AppDelegate.swift; sourceTree = "<group>"; };
		0489E3B12ACDBA7B00F53546 /* SceneDelegate.swift */ = {isa = PBXFileReference; lastKnownFileType = sourcecode.swift; path = SceneDelegate.swift; sourceTree = "<group>"; };
		0489E3B32ACDBA7B00F53546 /* ViewController.swift */ = {isa = PBXFileReference; lastKnownFileType = sourcecode.swift; path = ViewController.swift; sourceTree = "<group>"; };
		0489E3B62ACDBA7B00F53546 /* Base */ = {isa = PBXFileReference; lastKnownFileType = file.storyboard; name = Base; path = Base.lproj/Main.storyboard; sourceTree = "<group>"; };
		0489E3B82ACDBA7C00F53546 /* Assets.xcassets */ = {isa = PBXFileReference; lastKnownFileType = folder.assetcatalog; path = Assets.xcassets; sourceTree = "<group>"; };
		0489E3BB2ACDBA7C00F53546 /* Base */ = {isa = PBXFileReference; lastKnownFileType = file.storyboard; name = Base; path = Base.lproj/LaunchScreen.storyboard; sourceTree = "<group>"; };
		0489E3BD2ACDBA7C00F53546 /* Info.plist */ = {isa = PBXFileReference; lastKnownFileType = text.plist.xml; path = Info.plist; sourceTree = "<group>"; };
		0489E3C22ACDBA7D00F53546 /* CalculatorTests.xctest */ = {isa = PBXFileReference; explicitFileType = wrapper.cfbundle; includeInIndex = 0; path = CalculatorTests.xctest; sourceTree = BUILT_PRODUCTS_DIR; };
		0489E3C62ACDBA7D00F53546 /* CalculatorTests.swift */ = {isa = PBXFileReference; lastKnownFileType = sourcecode.swift; path = CalculatorTests.swift; sourceTree = "<group>"; };
		0489E3CC2ACDBA7D00F53546 /* CalculatorUITests.xctest */ = {isa = PBXFileReference; explicitFileType = wrapper.cfbundle; includeInIndex = 0; path = CalculatorUITests.xctest; sourceTree = BUILT_PRODUCTS_DIR; };
		0489E3D02ACDBA7D00F53546 /* CalculatorUITests.swift */ = {isa = PBXFileReference; lastKnownFileType = sourcecode.swift; path = CalculatorUITests.swift; sourceTree = "<group>"; };
		0489E3D22ACDBA7D00F53546 /* CalculatorUITestsLaunchTests.swift */ = {isa = PBXFileReference; lastKnownFileType = sourcecode.swift; path = CalculatorUITestsLaunchTests.swift; sourceTree = "<group>"; };
/* End PBXFileReference section */

/* Begin PBXFrameworksBuildPhase section */
		0489E3A92ACDBA7B00F53546 /* Frameworks */ = {
			isa = PBXFrameworksBuildPhase;
			buildActionMask = 2147483647;
			files = (
			);
			runOnlyForDeploymentPostprocessing = 0;
		};
		0489E3BF2ACDBA7D00F53546 /* Frameworks */ = {
			isa = PBXFrameworksBuildPhase;
			buildActionMask = 2147483647;
			files = (
			);
			runOnlyForDeploymentPostprocessing = 0;
		};
		0489E3C92ACDBA7D00F53546 /* Frameworks */ = {
			isa = PBXFrameworksBuildPhase;
			buildActionMask = 2147483647;
			files = (
			);
			runOnlyForDeploymentPostprocessing = 0;
		};
/* End PBXFrameworksBuildPhase section */

/* Begin PBXGroup section */
		0489E3A32ACDBA7B00F53546 = {
			isa = PBXGroup;
			children = (
				0489E3AE2ACDBA7B00F53546 /* Calculator */,
				0489E3C52ACDBA7D00F53546 /* CalculatorTests */,
				0489E3CF2ACDBA7D00F53546 /* CalculatorUITests */,
				0489E3AD2ACDBA7B00F53546 /* Products */,
			);
			sourceTree = "<group>";
		};
		0489E3AD2ACDBA7B00F53546 /* Products */ = {
			isa = PBXGroup;
			children = (
				0489E3AC2ACDBA7B00F53546 /* Calculator.app */,
				0489E3C22ACDBA7D00F53546 /* CalculatorTests.xctest */,
				0489E3CC2ACDBA7D00F53546 /* CalculatorUITests.xctest */,
			);
			name = Products;
			sourceTree = "<group>";
		};
		0489E3AE2ACDBA7B00F53546 /* Calculator */ = {
			isa = PBXGroup;
			children = (
				0489E3AF2ACDBA7B00F53546 /* AppDelegate.swift */,
				0489E3B12ACDBA7B00F53546 /* SceneDelegate.swift */,
				0489E3B32ACDBA7B00F53546 /* ViewController.swift */,
				0489E3B52ACDBA7B00F53546 /* Main.storyboard */,
				0489E3B82ACDBA7C00F53546 /* Assets.xcassets */,
				0489E3BA2ACDBA7C00F53546 /* LaunchScreen.storyboard */,
				0489E3BD2ACDBA7C00F53546 /* Info.plist */,
			);
			path = Calculator;
			sourceTree = "<group>";
		};
		0489E3C52ACDBA7D00F53546 /* CalculatorTests */ = {
			isa = PBXGroup;
			children = (
				0489E3C62ACDBA7D00F53546 /* CalculatorTests.swift */,
			);
			path = CalculatorTests;
			sourceTree = "<group>";
		};
		0489E3CF2ACDBA7D00F53546 /* CalculatorUITests */ = {
			isa = PBXGroup;
			children = (
				0489E3D02ACDBA7D00F53546 /* CalculatorUITests.swift */,
				0489E3D22ACDBA7D00F53546 /* CalculatorUITestsLaunchTests.swift */,
			);
			path = CalculatorUITests;
			sourceTree = "<group>";
		};
/* End PBXGroup section */

/* Begin PBXNativeTarget section */
		0489E3AB2ACDBA7B00F53546 /* Calculator */ = {
			isa = PBXNativeTarget;
			buildConfigurationList = 0489E3D62ACDBA7D00F53546 /* Build configuration list for PBXNativeTarget "Calculator" */;
			buildPhases = (
				0489E3A82ACDBA7B00F53546 /* Sources */,
				0489E3A92ACDBA7B00F53546 /* Frameworks */,
				0489E3AA2ACDBA7B00F53546 /* Resources */,
			);
			buildRules = (
			);
			dependencies = (
			);
			name = Calculator;
			productName = Calculator;
			productReference = 0489E3AC2ACDBA7B00F53546 /* Calculator.app */;
			productType = "com.apple.product-type.application";
		};
		0489E3C12ACDBA7D00F53546 /* CalculatorTests */ = {
			isa = PBXNativeTarget;
			buildConfigurationList = 0489E3D92ACDBA7D00F53546 /* Build configuration list for PBXNativeTarget "CalculatorTests" */;
			buildPhases = (
				0489E3BE2ACDBA7D00F53546 /* Sources */,
				0489E3BF2ACDBA7D00F53546 /* Frameworks */,
				0489E3C02ACDBA7D00F53546 /* Resources */,
			);
			buildRules = (
			);
			dependencies = (
				0489E3C42ACDBA7D00F53546 /* PBXTargetDependency */,
			);
			name = CalculatorTests;
			productName = CalculatorTests;
			productReference = 0489E3C22ACDBA7D00F53546 /* CalculatorTests.xctest */;
			productType = "com.apple.product-type.bundle.unit-test";
		};
		0489E3CB2ACDBA7D00F53546 /* CalculatorUITests */ = {
			isa = PBXNativeTarget;
			buildConfigurationList = 0489E3DC2ACDBA7D00F53546 /* Build configuration list for PBXNativeTarget "CalculatorUITests" */;
			buildPhases = (
				0489E3C82ACDBA7D00F53546 /* Sources */,
				0489E3C92ACDBA7D00F53546 /* Frameworks */,
				0489E3CA2ACDBA7D00F53546 /* Resources */,
			);
			buildRules = (
			);
			dependencies = (
				0489E3CE2ACDBA7D00F53546 /* PBXTargetDependency */,
			);
			name = CalculatorUITests;
			productName = CalculatorUITests;
			productReference = 0489E3CC2ACDBA7D00F53546 /* CalculatorUITests.xctest */;
			productType = "com.apple.product-type.bundle.ui-testing";
		};
/* End PBXNativeTarget section */

/* Begin PBXProject section */
		0489E3A42ACDBA7B00F53546 /* Project object */ = {
			isa = PBXProject;
			attributes = {
				BuildIndependentTargetsInParallel = 1;
				LastSwiftUpdateCheck = 1500;
				LastUpgradeCheck = 1500;
				TargetAttributes = {
					0489E3AB2ACDBA7B00F53546 = {
						CreatedOnToolsVersion = 15.0;
					};
					0489E3C12ACDBA7D00F53546 = {
						CreatedOnToolsVersion = 15.0;
						TestTargetID = 0489E3AB2ACDBA7B00F53546;
					};
					0489E3CB2ACDBA7D00F53546 = {
						CreatedOnToolsVersion = 15.0;
						TestTargetID = 0489E3AB2ACDBA7B00F53546;
					};
				};
			};
			buildConfigurationList = 0489E3A72ACDBA7B00F53546 /* Build configuration list for PBXProject "Calculator" */;
			compatibilityVersion = "Xcode 14.0";
			developmentRegion = en;
			hasScannedForEncodings = 0;
			knownRegions = (
				en,
				Base,
			);
			mainGroup = 0489E3A32ACDBA7B00F53546;
			productRefGroup = 0489E3AD2ACDBA7B00F53546 /* Products */;
			projectDirPath = "";
			projectRoot = "";
			targets = (
				0489E3AB2ACDBA7B00F53546 /* Calculator */,
				0489E3C12ACDBA7D00F53546 /* CalculatorTests */,
				0489E3CB2ACDBA7D00F53546 /* CalculatorUITests */,
			);
		};
/* End PBXProject section */

/* Begin PBXResourcesBuildPhase section */
		0489E3AA2ACDBA7B00F53546 /* Resources */ = {
			isa = PBXResourcesBuildPhase;
			buildActionMask = 2147483647;
			files = (
				0489E3BC2ACDBA7C00F53546 /* LaunchScreen.storyboard in Resources */,
				0489E3B92ACDBA7C00F53546 /* Assets.xcassets in Resources */,
				0489E3B72ACDBA7B00F53546 /* Main.storyboard in Resources */,
			);
			runOnlyForDeploymentPostprocessing = 0;
		};
		0489E3C02ACDBA7D00F53546 /* Resources */ = {
			isa = PBXResourcesBuildPhase;
			buildActionMask = 2147483647;
			files = (
			);
			runOnlyForDeploymentPostprocessing = 0;
		};
		0489E3CA2ACDBA7D00F53546 /* Resources */ = {
			isa = PBXResourcesBuildPhase;
			buildActionMask = 2147483647;
			files = (
			);
			runOnlyForDeploymentPostprocessing = 0;
		};
/* End PBXResourcesBuildPhase section */

/* Begin PBXSourcesBuildPhase section */
		0489E3A82ACDBA7B00F53546 /* Sources */ = {
			isa = PBXSourcesBuildPhase;
			buildActionMask = 2147483647;
			files = (
				0489E3B42ACDBA7B00F53546 /* ViewController.swift in Sources */,
				0489E3B02ACDBA7B00F53546 /* AppDelegate.swift in Sources */,
				0489E3B22ACDBA7B00F53546 /* SceneDelegate.swift in Sources */,
			);
			runOnlyForDeploymentPostprocessing = 0;
		};
		0489E3BE2ACDBA7D00F53546 /* Sources */ = {
			isa = PBXSourcesBuildPhase;
			buildActionMask = 2147483647;
			files = (
				0489E3C72ACDBA7D00F53546 /* CalculatorTests.swift in Sources */,
			);
			runOnlyForDeploymentPostprocessing = 0;
		};
		0489E3C82ACDBA7D00F53546 /* Sources */ = {
			isa = PBXSourcesBuildPhase;
			buildActionMask = 2147483647;
			files = (
				0489E3D32ACDBA7D00F53546 /* CalculatorUITestsLaunchTests.swift in Sources */,
				0489E3D12ACDBA7D00F53546 /* CalculatorUITests.swift in Sources */,
			);
			runOnlyForDeploymentPostprocessing = 0;
		};
/* End PBXSourcesBuildPhase section */

/* Begin PBXTargetDependency section */
		0489E3C42ACDBA7D00F53546 /* PBXTargetDependency */ = {
			isa = PBXTargetDependency;
			target = 0489E3AB2ACDBA7B00F53546 /* Calculator */;
			targetProxy = 0489E3C32ACDBA7D00F53546 /* PBXContainerItemProxy */;
		};
		0489E3CE2ACDBA7D00F53546 /* PBXTargetDependency */ = {
			isa = PBXTargetDependency;
			target = 0489E3AB2ACDBA7B00F53546 /* Calculator */;
			targetProxy = 0489E3CD2ACDBA7D00F53546 /* PBXContainerItemProxy */;
		};
/* End PBXTargetDependency section */

/* Begin PBXVariantGroup section */
		0489E3B52ACDBA7B00F53546 /* Main.storyboard */ = {
			isa = PBXVariantGroup;
			children = (
				0489E3B62ACDBA7B00F53546 /* Base */,
			);
			name = Main.storyboard;
			sourceTree = "<group>";
		};
		0489E3BA2ACDBA7C00F53546 /* LaunchScreen.storyboard */ = {
			isa = PBXVariantGroup;
			children = (
				0489E3BB2ACDBA7C00F53546 /* Base */,
			);
			name = LaunchScreen.storyboard;
			sourceTree = "<group>";
		};
/* End PBXVariantGroup section */

/* Begin XCBuildConfiguration section */
		0489E3D42ACDBA7D00F53546 /* Debug */ = {
			isa = XCBuildConfiguration;
			buildSettings = {
				ALWAYS_SEARCH_USER_PATHS = NO;
				ASSETCATALOG_COMPILER_GENERATE_SWIFT_ASSET_SYMBOL_EXTENSIONS = YES;
				CLANG_ANALYZER_NONNULL = YES;
				CLANG_ANALYZER_NUMBER_OBJECT_CONVERSION = YES_AGGRESSIVE;
				CLANG_CXX_LANGUAGE_STANDARD = "gnu++20";
				CLANG_ENABLE_MODULES = YES;
				CLANG_ENABLE_OBJC_ARC = YES;
				CLANG_ENABLE_OBJC_WEAK = YES;
				CLANG_WARN_BLOCK_CAPTURE_AUTORELEASING = YES;
				CLANG_WARN_BOOL_CONVERSION = YES;
				CLANG_WARN_COMMA = YES;
				CLANG_WARN_CONSTANT_CONVERSION = YES;
				CLANG_WARN_DEPRECATED_OBJC_IMPLEMENTATIONS = YES;
				CLANG_WARN_DIRECT_OBJC_ISA_USAGE = YES_ERROR;
				CLANG_WARN_DOCUMENTATION_COMMENTS = YES;
				CLANG_WARN_EMPTY_BODY = YES;
				CLANG_WARN_ENUM_CONVERSION = YES;
				CLANG_WARN_INFINITE_RECURSION = YES;
				CLANG_WARN_INT_CONVERSION = YES;
				CLANG_WARN_NON_LITERAL_NULL_CONVERSION = YES;
				CLANG_WARN_OBJC_IMPLICIT_RETAIN_SELF = YES;
				CLANG_WARN_OBJC_LITERAL_CONVERSION = YES;
				CLANG_WARN_OBJC_ROOT_CLASS = YES_ERROR;
				CLANG_WARN_QUOTED_INCLUDE_IN_FRAMEWORK_HEADER = YES;
				CLANG_WARN_RANGE_LOOP_ANALYSIS = YES;
				CLANG_WARN_STRICT_PROTOTYPES = YES;
				CLANG_WARN_SUSPICIOUS_MOVE = YES;
				CLANG_WARN_UNGUARDED_AVAILABILITY = YES_AGGRESSIVE;
				CLANG_WARN_UNREACHABLE_CODE = YES;
				CLANG_WARN__DUPLICATE_METHOD_MATCH = YES;
				COPY_PHASE_STRIP = NO;
				DEBUG_INFORMATION_FORMAT = dwarf;
				ENABLE_STRICT_OBJC_MSGSEND = YES;
				ENABLE_TESTABILITY = YES;
				ENABLE_USER_SCRIPT_SANDBOXING = YES;
				GCC_C_LANGUAGE_STANDARD = gnu17;
				GCC_DYNAMIC_NO_PIC = NO;
				GCC_NO_COMMON_BLOCKS = YES;
				GCC_OPTIMIZATION_LEVEL = 0;
				GCC_PREPROCESSOR_DEFINITIONS = (
					"DEBUG=1",
					"$(inherited)",
				);
				GCC_WARN_64_TO_32_BIT_CONVERSION = YES;
				GCC_WARN_ABOUT_RETURN_TYPE = YES_ERROR;
				GCC_WARN_UNDECLARED_SELECTOR = YES;
				GCC_WARN_UNINITIALIZED_AUTOS = YES_AGGRESSIVE;
				GCC_WARN_UNUSED_FUNCTION = YES;
				GCC_WARN_UNUSED_VARIABLE = YES;
				IPHONEOS_DEPLOYMENT_TARGET = 17.0;
				LOCALIZATION_PREFERS_STRING_CATALOGS = YES;
				MTL_ENABLE_DEBUG_INFO = INCLUDE_SOURCE;
				MTL_FAST_MATH = YES;
				ONLY_ACTIVE_ARCH = YES;
				SDKROOT = iphoneos;
				SWIFT_ACTIVE_COMPILATION_CONDITIONS = "DEBUG $(inherited)";
				SWIFT_OPTIMIZATION_LEVEL = "-Onone";
			};
			name = Debug;
		};
		0489E3D52ACDBA7D00F53546 /* Release */ = {
			isa = XCBuildConfiguration;
			buildSettings = {
				ALWAYS_SEARCH_USER_PATHS = NO;
				ASSETCATALOG_COMPILER_GENERATE_SWIFT_ASSET_SYMBOL_EXTENSIONS = YES;
				CLANG_ANALYZER_NONNULL = YES;
				CLANG_ANALYZER_NUMBER_OBJECT_CONVERSION = YES_AGGRESSIVE;
				CLANG_CXX_LANGUAGE_STANDARD = "gnu++20";
				CLANG_ENABLE_MODULES = YES;
				CLANG_ENABLE_OBJC_ARC = YES;
				CLANG_ENABLE_OBJC_WEAK = YES;
				CLANG_WARN_BLOCK_CAPTURE_AUTORELEASING = YES;
				CLANG_WARN_BOOL_CONVERSION = YES;
				CLANG_WARN_COMMA = YES;
				CLANG_WARN_CONSTANT_CONVERSION = YES;
				CLANG_WARN_DEPRECATED_OBJC_IMPLEMENTATIONS = YES;
				CLANG_WARN_DIRECT_OBJC_ISA_USAGE = YES_ERROR;
				CLANG_WARN_DOCUMENTATION_COMMENTS = YES;
				CLANG_WARN_EMPTY_BODY = YES;
				CLANG_WARN_ENUM_CONVERSION = YES;
				CLANG_WARN_INFINITE_RECURSION = YES;
				CLANG_WARN_INT_CONVERSION = YES;
				CLANG_WARN_NON_LITERAL_NULL_CONVERSION = YES;
				CLANG_WARN_OBJC_IMPLICIT_RETAIN_SELF = YES;
				CLANG_WARN_OBJC_LITERAL_CONVERSION = YES;
				CLANG_WARN_OBJC_ROOT_CLASS = YES_ERROR;
				CLANG_WARN_QUOTED_INCLUDE_IN_FRAMEWORK_HEADER = YES;
				CLANG_WARN_RANGE_LOOP_ANALYSIS = YES;
				CLANG_WARN_STRICT_PROTOTYPES = YES;
				CLANG_WARN_SUSPICIOUS_MOVE = YES;
				CLANG_WARN_UNGUARDED_AVAILABILITY = YES_AGGRESSIVE;
				CLANG_WARN_UNREACHABLE_CODE = YES;
				CLANG_WARN__DUPLICATE_METHOD_MATCH = YES;
				COPY_PHASE_STRIP = NO;
				DEBUG_INFORMATION_FORMAT = "dwarf-with-dsym";
				ENABLE_NS_ASSERTIONS = NO;
				ENABLE_STRICT_OBJC_MSGSEND = YES;
				ENABLE_USER_SCRIPT_SANDBOXING = YES;
				GCC_C_LANGUAGE_STANDARD = gnu17;
				GCC_NO_COMMON_BLOCKS = YES;
				GCC_WARN_64_TO_32_BIT_CONVERSION = YES;
				GCC_WARN_ABOUT_RETURN_TYPE = YES_ERROR;
				GCC_WARN_UNDECLARED_SELECTOR = YES;
				GCC_WARN_UNINITIALIZED_AUTOS = YES_AGGRESSIVE;
				GCC_WARN_UNUSED_FUNCTION = YES;
				GCC_WARN_UNUSED_VARIABLE = YES;
				IPHONEOS_DEPLOYMENT_TARGET = 17.0;
				LOCALIZATION_PREFERS_STRING_CATALOGS = YES;
				MTL_ENABLE_DEBUG_INFO = NO;
				MTL_FAST_MATH = YES;
				SDKROOT = iphoneos;
				SWIFT_COMPILATION_MODE = wholemodule;
				VALIDATE_PRODUCT = YES;
			};
			name = Release;
		};
		0489E3D72ACDBA7D00F53546 /* Debug */ = {
			isa = XCBuildConfiguration;
			buildSettings = {
				ASSETCATALOG_COMPILER_APPICON_NAME = AppIcon;
				ASSETCATALOG_COMPILER_GLOBAL_ACCENT_COLOR_NAME = AccentColor;
				CODE_SIGN_STYLE = Automatic;
				CURRENT_PROJECT_VERSION = 1;
				GENERATE_INFOPLIST_FILE = YES;
				INFOPLIST_FILE = Calculator/Info.plist;
				INFOPLIST_KEY_UIApplicationSupportsIndirectInputEvents = YES;
				INFOPLIST_KEY_UILaunchStoryboardName = LaunchScreen;
				INFOPLIST_KEY_UIMainStoryboardFile = Main;
				INFOPLIST_KEY_UISupportedInterfaceOrientations_iPad = "UIInterfaceOrientationPortrait UIInterfaceOrientationPortraitUpsideDown UIInterfaceOrientationLandscapeLeft UIInterfaceOrientationLandscapeRight";
				INFOPLIST_KEY_UISupportedInterfaceOrientations_iPhone = "UIInterfaceOrientationPortrait UIInterfaceOrientationLandscapeLeft UIInterfaceOrientationLandscapeRight";
				LD_RUNPATH_SEARCH_PATHS = (
					"$(inherited)",
					"@executable_path/Frameworks",
				);
				MARKETING_VERSION = 1.0;
				PRODUCT_BUNDLE_IDENTIFIER = venan.Calculator;
				PRODUCT_NAME = "$(TARGET_NAME)";
				SWIFT_EMIT_LOC_STRINGS = YES;
				SWIFT_VERSION = 5.0;
				TARGETED_DEVICE_FAMILY = "1,2";
			};
			name = Debug;
		};
		0489E3D82ACDBA7D00F53546 /* Release */ = {
			isa = XCBuildConfiguration;
			buildSettings = {
				ASSETCATALOG_COMPILER_APPICON_NAME = AppIcon;
				ASSETCATALOG_COMPILER_GLOBAL_ACCENT_COLOR_NAME = AccentColor;
				CODE_SIGN_STYLE = Automatic;
				CURRENT_PROJECT_VERSION = 1;
				GENERATE_INFOPLIST_FILE = YES;
				INFOPLIST_FILE = Calculator/Info.plist;
				INFOPLIST_KEY_UIApplicationSupportsIndirectInputEvents = YES;
				INFOPLIST_KEY_UILaunchStoryboardName = LaunchScreen;
				INFOPLIST_KEY_UIMainStoryboardFile = Main;
				INFOPLIST_KEY_UISupportedInterfaceOrientations_iPad = "UIInterfaceOrientationPortrait UIInterfaceOrientationPortraitUpsideDown UIInterfaceOrientationLandscapeLeft UIInterfaceOrientationLandscapeRight";
				INFOPLIST_KEY_UISupportedInterfaceOrientations_iPhone = "UIInterfaceOrientationPortrait UIInterfaceOrientationLandscapeLeft UIInterfaceOrientationLandscapeRight";
				LD_RUNPATH_SEARCH_PATHS = (
					"$(inherited)",
					"@executable_path/Frameworks",
				);
				MARKETING_VERSION = 1.0;
				PRODUCT_BUNDLE_IDENTIFIER = venan.Calculator;
				PRODUCT_NAME = "$(TARGET_NAME)";
				SWIFT_EMIT_LOC_STRINGS = YES;
				SWIFT_VERSION = 5.0;
				TARGETED_DEVICE_FAMILY = "1,2";
			};
			name = Release;
		};
		0489E3DA2ACDBA7D00F53546 /* Debug */ = {
			isa = XCBuildConfiguration;
			buildSettings = {
				ALWAYS_EMBED_SWIFT_STANDARD_LIBRARIES = YES;
				BUNDLE_LOADER = "$(TEST_HOST)";
				CODE_SIGN_STYLE = Automatic;
				CURRENT_PROJECT_VERSION = 1;
				GENERATE_INFOPLIST_FILE = YES;
				IPHONEOS_DEPLOYMENT_TARGET = 17.0;
				MARKETING_VERSION = 1.0;
				PRODUCT_BUNDLE_IDENTIFIER = venan.CalculatorTests;
				PRODUCT_NAME = "$(TARGET_NAME)";
				SWIFT_EMIT_LOC_STRINGS = NO;
				SWIFT_VERSION = 5.0;
				TARGETED_DEVICE_FAMILY = "1,2";
				TEST_HOST = "$(BUILT_PRODUCTS_DIR)/Calculator.app/$(BUNDLE_EXECUTABLE_FOLDER_PATH)/Calculator";
			};
			name = Debug;
		};
		0489E3DB2ACDBA7D00F53546 /* Release */ = {
			isa = XCBuildConfiguration;
			buildSettings = {
				ALWAYS_EMBED_SWIFT_STANDARD_LIBRARIES = YES;
				BUNDLE_LOADER = "$(TEST_HOST)";
				CODE_SIGN_STYLE = Automatic;
				CURRENT_PROJECT_VERSION = 1;
				GENERATE_INFOPLIST_FILE = YES;
				IPHONEOS_DEPLOYMENT_TARGET = 17.0;
				MARKETING_VERSION = 1.0;
				PRODUCT_BUNDLE_IDENTIFIER = venan.CalculatorTests;
				PRODUCT_NAME = "$(TARGET_NAME)";
				SWIFT_EMIT_LOC_STRINGS = NO;
				SWIFT_VERSION = 5.0;
				TARGETED_DEVICE_FAMILY = "1,2";
				TEST_HOST = "$(BUILT_PRODUCTS_DIR)/Calculator.app/$(BUNDLE_EXECUTABLE_FOLDER_PATH)/Calculator";
			};
			name = Release;
		};
		0489E3DD2ACDBA7D00F53546 /* Debug */ = {
			isa = XCBuildConfiguration;
			buildSettings = {
				ALWAYS_EMBED_SWIFT_STANDARD_LIBRARIES = YES;
				CODE_SIGN_STYLE = Automatic;
				CURRENT_PROJECT_VERSION = 1;
				GENERATE_INFOPLIST_FILE = YES;
				MARKETING_VERSION = 1.0;
				PRODUCT_BUNDLE_IDENTIFIER = venan.CalculatorUITests;
				PRODUCT_NAME = "$(TARGET_NAME)";
				SWIFT_EMIT_LOC_STRINGS = NO;
				SWIFT_VERSION = 5.0;
				TARGETED_DEVICE_FAMILY = "1,2";
				TEST_TARGET_NAME = Calculator;
			};
			name = Debug;
		};
		0489E3DE2ACDBA7D00F53546 /* Release */ = {
			isa = XCBuildConfiguration;
			buildSettings = {
				ALWAYS_EMBED_SWIFT_STANDARD_LIBRARIES = YES;
				CODE_SIGN_STYLE = Automatic;
				CURRENT_PROJECT_VERSION = 1;
				GENERATE_INFOPLIST_FILE = YES;
				MARKETING_VERSION = 1.0;
				PRODUCT_BUNDLE_IDENTIFIER = venan.CalculatorUITests;
				PRODUCT_NAME = "$(TARGET_NAME)";
				SWIFT_EMIT_LOC_STRINGS = NO;
				SWIFT_VERSION = 5.0;
				TARGETED_DEVICE_FAMILY = "1,2";
				TEST_TARGET_NAME = Calculator;
			};
			name = Release;
		};
/* End XCBuildConfiguration section */

/* Begin XCConfigurationList section */
		0489E3A72ACDBA7B00F53546 /* Build configuration list for PBXProject "Calculator" */ = {
			isa = XCConfigurationList;
			buildConfigurations = (
				0489E3D42ACDBA7D00F53546 /* Debug */,
				0489E3D52ACDBA7D00F53546 /* Release */,
			);
			defaultConfigurationIsVisible = 0;
			defaultConfigurationName = Release;
		};
		0489E3D62ACDBA7D00F53546 /* Build configuration list for PBXNativeTarget "Calculator" */ = {
			isa = XCConfigurationList;
			buildConfigurations = (
				0489E3D72ACDBA7D00F53546 /* Debug */,
				0489E3D82ACDBA7D00F53546 /* Release */,
			);
			defaultConfigurationIsVisible = 0;
			defaultConfigurationName = Release;
		};
		0489E3D92ACDBA7D00F53546 /* Build configuration list for PBXNativeTarget "CalculatorTests" */ = {
			isa = XCConfigurationList;
			buildConfigurations = (
				0489E3DA2ACDBA7D00F53546 /* Debug */,
				0489E3DB2ACDBA7D00F53546 /* Release */,
			);
			defaultConfigurationIsVisible = 0;
			defaultConfigurationName = Release;
		};
		0489E3DC2ACDBA7D00F53546 /* Build configuration list for PBXNativeTarget "CalculatorUITests" */ = {
			isa = XCConfigurationList;
			buildConfigurations = (
				0489E3DD2ACDBA7D00F53546 /* Debug */,
				0489E3DE2ACDBA7D00F53546 /* Release */,
			);
			defaultConfigurationIsVisible = 0;
			defaultConfigurationName = Release;
		};
/* End XCConfigurationList section */
	};
	rootObject = 0489E3A42ACDBA7B00F53546 /* Project object */;
}
